Microsoft Visual Studio Solution File, Format Version 12.00
# Visual Studio Version 17
VisualStudioVersion = 17.5.2.0
MinimumVisualStudioVersion = 10.0.40219.1
Project("{FAE04EC0-301F-11D3-BF4B-00C04F79EFBC}") = "FirstStep", "FirstStep\FirstStep.csproj", "{57277172-0223-3EE1-B5D4-D1D5704372EE}"
EndProject
Global
	GlobalSection(SolutionConfigurationPlatforms) = preSolution
		Debug|Any CPU = Debug|Any CPU
		Release|Any CPU = Release|Any CPU
	EndGlobalSection
	GlobalSection(ProjectConfigurationPlatforms) = postSolution
		{57277172-0223-3EE1-B5D4-D1D5704372EE}.Debug|Any CPU.ActiveCfg = Debug|Any CPU
		{57277172-0223-3EE1-B5D4-D1D5704372EE}.Debug|Any CPU.Build.0 = Debug|Any CPU
		{57277172-0223-3EE1-B5D4-D1D5704372EE}.Release|Any CPU.ActiveCfg = Release|Any CPU
		{57277172-0223-3EE1-B5D4-D1D5704372EE}.Release|Any CPU.Build.0 = Release|Any CPU
	EndGlobalSection
	GlobalSection(SolutionProperties) = preSolution
		HideSolutionNode = FALSE
	EndGlobalSection
	GlobalSection(ExtensibilityGlobals) = postSolution
		SolutionGuid = {D3FF5390-A976-4BE7-8DA1-DFAFAA0C3693}
	EndGlobalSection
EndGlobal
